// !$*UTF8*$!
{
	archiveVersion = 1;
	classes = {
	};
	objectVersion = 56;
	objects = {

/* Begin PBXBuildFile section */
		CA0000000000000000000001 /* ChintanApp.swift in Sources */ = {isa = PBXBuildFile; fileRef = CA1000000000000000000001 /* ChintanApp.swift */; };
		CA0000000000000000000002 /* ContentView.swift in Sources */ = {isa = PBXBuildFile; fileRef = CA1000000000000000000002 /* ContentView.swift */; };
		CA0000000000000000000003 /* HouseClient.swift in Sources */ = {isa = PBXBuildFile; fileRef = CA1000000000000000000003 /* HouseClient.swift */; };
		CA0000000000000000000004 /* ConversationStore.swift in Sources */ = {isa = PBXBuildFile; fileRef = CA1000000000000000000004 /* ConversationStore.swift */; };
		CA0000000000000000000005 /* StudyView.swift in Sources */ = {isa = PBXBuildFile; fileRef = CA1000000000000000000005 /* StudyView.swift */; };
		CA0000000000000000000006 /* JharokhaView.swift in Sources */ = {isa = PBXBuildFile; fileRef = CA1000000000000000000006 /* JharokhaView.swift */; };
		CA0000000000000000000007 /* SettingsView.swift in Sources */ = {isa = PBXBuildFile; fileRef = CA1000000000000000000007 /* SettingsView.swift */; };
		CA0000000000000000000008 /* KeychainHelper.swift in Sources */ = {isa = PBXBuildFile; fileRef = CA1000000000000000000008 /* KeychainHelper.swift */; };
		CA000000000000000000000A /* BoardView.swift in Sources */ = {isa = PBXBuildFile; fileRef = CA100000000000000000000C /* BoardView.swift */; };
		CA000000000000000000000B /* Theme.swift in Sources */ = {isa = PBXBuildFile; fileRef = CA100000000000000000000D /* Theme.swift */; };
		CA0000000000000000000009 /* Assets.xcassets in Resources */ = {isa = PBXBuildFile; fileRef = CA1000000000000000000009 /* Assets.xcassets */; };
		CA000000000000000000000C /* ChintanWalk.swift in Sources */ = {isa = PBXBuildFile; fileRef = CA100000000000000000000E /* ChintanWalk.swift */; };
		CA000000000000000000000D /* VisitorsView.swift in Sources */ = {isa = PBXBuildFile; fileRef = CA1000000000000000000010 /* VisitorsView.swift */; };
		CA000000000000000000000E /* Whereabouts.swift in Sources */ = {isa = PBXBuildFile; fileRef = CA1000000000000000000011 /* Whereabouts.swift */; };
		CA000000000000000000000F /* PhoneWord.swift in Sources */ = {isa = PBXBuildFile; fileRef = CA1000000000000000000012 /* PhoneWord.swift */; };
		CA00000000000000000000A1 /* Health.swift in Sources */ = {isa = PBXBuildFile; fileRef = CA10000000000000000000A1 /* Health.swift */; };
		CA00000000000000000000A2 /* Motion.swift in Sources */ = {isa = PBXBuildFile; fileRef = CA10000000000000000000A2 /* Motion.swift */; };
/* End PBXBuildFile section */

/* Begin PBXContainerItemProxy section */
		CA8000000000000000000001 /* PBXContainerItemProxy */ = {
			isa = PBXContainerItemProxy;
			containerPortal = CA4000000000000000000001 /* Project object */;
			proxyType = 1;
			remoteGlobalIDString = CA3000000000000000000001;
			remoteInfo = Chintan;
		};
/* End PBXContainerItemProxy section */

/* Begin PBXFileReference section */
		CA1000000000000000000001 /* ChintanApp.swift */ = {isa = PBXFileReference; lastKnownFileType = sourcecode.swift; path = ChintanApp.swift; sourceTree = "<group>"; };
		CA1000000000000000000002 /* ContentView.swift */ = {isa = PBXFileReference; lastKnownFileType = sourcecode.swift; path = ContentView.swift; sourceTree = "<group>"; };
		CA1000000000000000000003 /* HouseClient.swift */ = {isa = PBXFileReference; lastKnownFileType = sourcecode.swift; path = HouseClient.swift; sourceTree = "<group>"; };
		CA1000000000000000000004 /* ConversationStore.swift */ = {isa = PBXFileReference; lastKnownFileType = sourcecode.swift; path = ConversationStore.swift; sourceTree = "<group>"; };
		CA1000000000000000000005 /* StudyView.swift */ = {isa = PBXFileReference; lastKnownFileType = sourcecode.swift; path = StudyView.swift; sourceTree = "<group>"; };
		CA100000000000000000000C /* BoardView.swift */ = {isa = PBXFileReference; lastKnownFileType = sourcecode.swift; path = BoardView.swift; sourceTree = "<group>"; };
		CA100000000000000000000D /* Theme.swift */ = {isa = PBXFileReference; lastKnownFileType = sourcecode.swift; path = Theme.swift; sourceTree = "<group>"; };
		CA1000000000000000000006 /* JharokhaView.swift */ = {isa = PBXFileReference; lastKnownFileType = sourcecode.swift; path = JharokhaView.swift; sourceTree = "<group>"; };
		CA1000000000000000000007 /* SettingsView.swift */ = {isa = PBXFileReference; lastKnownFileType = sourcecode.swift; path = SettingsView.swift; sourceTree = "<group>"; };
		CA1000000000000000000008 /* KeychainHelper.swift */ = {isa = PBXFileReference; lastKnownFileType = sourcecode.swift; path = KeychainHelper.swift; sourceTree = "<group>"; };
		CA1000000000000000000009 /* Assets.xcassets */ = {isa = PBXFileReference; lastKnownFileType = folder.assetcatalog; path = Assets.xcassets; sourceTree = "<group>"; };
		CA100000000000000000000A /* Info.plist */ = {isa = PBXFileReference; lastKnownFileType = text.plist.xml; path = Info.plist; sourceTree = "<group>"; };
		CA100000000000000000000B /* Chintan.app */ = {isa = PBXFileReference; explicitFileType = wrapper.application; includeInIndex = 0; path = Chintan.app; sourceTree = BUILT_PRODUCTS_DIR; };
		CA100000000000000000000E /* ChintanWalk.swift */ = {isa = PBXFileReference; lastKnownFileType = sourcecode.swift; path = ChintanWalk.swift; sourceTree = "<group>"; };
		CA100000000000000000000F /* ChintanWalk.xctest */ = {isa = PBXFileReference; explicitFileType = wrapper.cfbundle; includeInIndex = 0; path = ChintanWalk.xctest; sourceTree = BUILT_PRODUCTS_DIR; };
		CA1000000000000000000010 /* VisitorsView.swift */ = {isa = PBXFileReference; lastKnownFileType = sourcecode.swift; path = VisitorsView.swift; sourceTree = "<group>"; };
		CA1000000000000000000011 /* Whereabouts.swift */ = {isa = PBXFileReference; lastKnownFileType = sourcecode.swift; path = Whereabouts.swift; sourceTree = "<group>"; };
		CA1000000000000000000012 /* PhoneWord.swift */ = {isa = PBXFileReference; lastKnownFileType = sourcecode.swift; path = PhoneWord.swift; sourceTree = "<group>"; };
		CA10000000000000000000A1 /* Health.swift */ = {isa = PBXFileReference; lastKnownFileType = sourcecode.swift; path = Health.swift; sourceTree = "<group>"; };
		CA10000000000000000000A2 /* Motion.swift */ = {isa = PBXFileReference; lastKnownFileType = sourcecode.swift; path = Motion.swift; sourceTree = "<group>"; };
		CA1000000000000000000013 /* Chintan.entitlements */ = {isa = PBXFileReference; lastKnownFileType = text.plist.entitlements; path = Chintan.entitlements; sourceTree = "<group>"; };
/* End PBXFileReference section */

/* Begin PBXFrameworksBuildPhase section */
		CA5000000000000000000001 /* Frameworks */ = {
			isa = PBXFrameworksBuildPhase;
			buildActionMask = 2147483647;
			files = (
			);
			runOnlyForDeploymentPostprocessing = 0;
		};
		CA5000000000000000000005 /* Frameworks */ = {
			isa = PBXFrameworksBuildPhase;
			buildActionMask = 2147483647;
			files = (
			);
			runOnlyForDeploymentPostprocessing = 0;
		};
/* End PBXFrameworksBuildPhase section */

/* Begin PBXGroup section */
		CA2000000000000000000001 = {
			isa = PBXGroup;
			children = (
				CA2000000000000000000002 /* Chintan */,
				CA2000000000000000000004 /* ChintanWalk */,
				CA2000000000000000000003 /* Products */,
			);
			sourceTree = "<group>";
		};
		CA2000000000000000000002 /* Chintan */ = {
			isa = PBXGroup;
			children = (
				CA1000000000000000000001 /* ChintanApp.swift */,
				CA1000000000000000000002 /* ContentView.swift */,
				CA1000000000000000000005 /* StudyView.swift */,
				CA1000000000000000000006 /* JharokhaView.swift */,
				CA100000000000000000000C /* BoardView.swift */,
				CA1000000000000000000010 /* VisitorsView.swift */,
				CA100000000000000000000D /* Theme.swift */,
				CA1000000000000000000007 /* SettingsView.swift */,
				CA1000000000000000000011 /* Whereabouts.swift */,
				CA1000000000000000000012 /* PhoneWord.swift */,
				CA10000000000000000000A1 /* Health.swift */,
				CA10000000000000000000A2 /* Motion.swift */,
				CA1000000000000000000003 /* HouseClient.swift */,
				CA1000000000000000000004 /* ConversationStore.swift */,
				CA1000000000000000000008 /* KeychainHelper.swift */,
				CA1000000000000000000009 /* Assets.xcassets */,
				CA100000000000000000000A /* Info.plist */,
				CA1000000000000000000013 /* Chintan.entitlements */,
			);
			path = Chintan;
			sourceTree = "<group>";
		};
		CA2000000000000000000003 /* Products */ = {
			isa = PBXGroup;
			children = (
				CA100000000000000000000B /* Chintan.app */,
				CA100000000000000000000F /* ChintanWalk.xctest */,
			);
			name = Products;
			sourceTree = "<group>";
		};
		CA2000000000000000000004 /* ChintanWalk */ = {
			isa = PBXGroup;
			children = (
				CA100000000000000000000E /* ChintanWalk.swift */,
			);
			path = ChintanWalk;
			sourceTree = "<group>";
		};
/* End PBXGroup section */

/* Begin PBXNativeTarget section */
		CA3000000000000000000001 /* Chintan */ = {
			isa = PBXNativeTarget;
			buildConfigurationList = CA7000000000000000000002 /* Build configuration list for PBXNativeTarget "Chintan" */;
			buildPhases = (
				CA5000000000000000000003 /* Sources */,
				CA5000000000000000000001 /* Frameworks */,
				CA5000000000000000000002 /* Resources */,
			);
			buildRules = (
			);
			dependencies = (
			);
			name = Chintan;
			productName = Chintan;
			productReference = CA100000000000000000000B /* Chintan.app */;
			productType = "com.apple.product-type.application";
		};
		CA3000000000000000000002 /* ChintanWalk */ = {
			isa = PBXNativeTarget;
			buildConfigurationList = CA7000000000000000000003 /* Build configuration list for PBXNativeTarget "ChintanWalk" */;
			buildPhases = (
				CA5000000000000000000004 /* Sources */,
				CA5000000000000000000005 /* Frameworks */,
				CA5000000000000000000006 /* Resources */,
			);
			buildRules = (
			);
			dependencies = (
				CA9000000000000000000001 /* PBXTargetDependency */,
			);
			name = ChintanWalk;
			productName = ChintanWalk;
			productReference = CA100000000000000000000F /* ChintanWalk.xctest */;
			productType = "com.apple.product-type.bundle.ui-testing";
		};
/* End PBXNativeTarget section */

/* Begin PBXProject section */
		CA4000000000000000000001 /* Project object */ = {
			isa = PBXProject;
			attributes = {
				BuildIndependentTargetsInParallel = 1;
				LastSwiftUpdateCheck = 1600;
				LastUpgradeCheck = 1600;
				TargetAttributes = {
					CA3000000000000000000001 = {
						CreatedOnToolsVersion = 16.0;
					};
					CA3000000000000000000002 = {
						CreatedOnToolsVersion = 16.0;
						TestTargetID = CA3000000000000000000001;
					};
				};
			};
			buildConfigurationList = CA7000000000000000000001 /* Build configuration list for PBXProject "Chintan" */;
			compatibilityVersion = "Xcode 14.0";
			developmentRegion = en;
			hasScannedForEncodings = 0;
			knownRegions = (
				en,
				Base,
			);
			mainGroup = CA2000000000000000000001;
			productRefGroup = CA2000000000000000000003 /* Products */;
			projectDirPath = "";
			projectRoot = "";
			targets = (
				CA3000000000000000000001 /* Chintan */,
				CA3000000000000000000002 /* ChintanWalk */,
			);
		};
/* End PBXProject section */

/* Begin PBXResourcesBuildPhase section */
		CA5000000000000000000002 /* Resources */ = {
			isa = PBXResourcesBuildPhase;
			buildActionMask = 2147483647;
			files = (
				CA0000000000000000000009 /* Assets.xcassets in Resources */,
			);
			runOnlyForDeploymentPostprocessing = 0;
		};
		CA5000000000000000000006 /* Resources */ = {
			isa = PBXResourcesBuildPhase;
			buildActionMask = 2147483647;
			files = (
			);
			runOnlyForDeploymentPostprocessing = 0;
		};
/* End PBXResourcesBuildPhase section */

/* Begin PBXSourcesBuildPhase section */
		CA5000000000000000000003 /* Sources */ = {
			isa = PBXSourcesBuildPhase;
			buildActionMask = 2147483647;
			files = (
				CA0000000000000000000001 /* ChintanApp.swift in Sources */,
				CA0000000000000000000002 /* ContentView.swift in Sources */,
				CA0000000000000000000005 /* StudyView.swift in Sources */,
				CA0000000000000000000006 /* JharokhaView.swift in Sources */,
				CA000000000000000000000A /* BoardView.swift in Sources */,
				CA000000000000000000000D /* VisitorsView.swift in Sources */,
				CA000000000000000000000E /* Whereabouts.swift in Sources */,
				CA000000000000000000000F /* PhoneWord.swift in Sources */,
				CA00000000000000000000A1 /* Health.swift in Sources */,
				CA00000000000000000000A2 /* Motion.swift in Sources */,
				CA000000000000000000000B /* Theme.swift in Sources */,
				CA0000000000000000000007 /* SettingsView.swift in Sources */,
				CA0000000000000000000003 /* HouseClient.swift in Sources */,
				CA0000000000000000000004 /* ConversationStore.swift in Sources */,
				CA0000000000000000000008 /* KeychainHelper.swift in Sources */,
			);
			runOnlyForDeploymentPostprocessing = 0;
		};
		CA5000000000000000000004 /* Sources */ = {
			isa = PBXSourcesBuildPhase;
			buildActionMask = 2147483647;
			files = (
				CA000000000000000000000C /* ChintanWalk.swift in Sources */,
			);
			runOnlyForDeploymentPostprocessing = 0;
		};
/* End PBXSourcesBuildPhase section */

/* Begin PBXTargetDependency section */
		CA9000000000000000000001 /* PBXTargetDependency */ = {
			isa = PBXTargetDependency;
			target = CA3000000000000000000001 /* Chintan */;
			targetProxy = CA8000000000000000000001 /* PBXContainerItemProxy */;
		};
/* End PBXTargetDependency section */

/* Begin XCBuildConfiguration section */
		CA6000000000000000000001 /* Debug */ = {
			isa = XCBuildConfiguration;
			buildSettings = {
				ALWAYS_SEARCH_USER_PATHS = NO;
				ASSETCATALOG_COMPILER_GENERATE_SWIFT_ASSET_SYMBOL_EXTENSIONS = YES;
				CLANG_ANALYZER_NONNULL = YES;
				CLANG_ANALYZER_NUMBER_OBJECT_CONVERSION = YES_AGGRESSIVE;
				CLANG_CXX_LANGUAGE_STANDARD = "gnu++20";
				CLANG_ENABLE_MODULES = YES;
				CLANG_ENABLE_OBJC_ARC = YES;
				CLANG_ENABLE_OBJC_WEAK = YES;
				CLANG_WARN_BLOCK_CAPTURE_AUTORELEASING = YES;
				CLANG_WARN_BOOL_CONVERSION = YES;
				CLANG_WARN_COMMA = YES;
				CLANG_WARN_CONSTANT_CONVERSION = YES;
				CLANG_WARN_DEPRECATED_OBJC_IMPLEMENTATIONS = YES;
				CLANG_WARN_DIRECT_OBJC_ISA_USAGE = YES_ERROR;
				CLANG_WARN_DOCUMENTATION_COMMENTS = YES;
				CLANG_WARN_EMPTY_BODY = YES;
				CLANG_WARN_ENUM_CONVERSION = YES;
				CLANG_WARN_INFINITE_RECURSION = YES;
				CLANG_WARN_INT_CONVERSION = YES;
				CLANG_WARN_NON_LITERAL_NULL_CONVERSION = YES;
				CLANG_WARN_OBJC_IMPLICIT_RETAIN_SELF = YES;
				CLANG_WARN_OBJC_LITERAL_CONVERSION = YES;
				CLANG_WARN_OBJC_ROOT_CLASS = YES_ERROR;
				CLANG_WARN_QUOTED_INCLUDE_IN_FRAMEWORK_HEADER = YES;
				CLANG_WARN_RANGE_LOOP_ANALYSIS = YES;
				CLANG_WARN_STRICT_PROTOTYPES = YES;
				CLANG_WARN_SUSPICIOUS_MOVE = YES;
				CLANG_WARN_UNGUARDED_AVAILABILITY = YES_AGGRESSIVE;
				CLANG_WARN_UNREACHABLE_CODE = YES;
				CLANG_WARN__DUPLICATE_METHOD_MATCH = YES;
				COPY_PHASE_STRIP = NO;
				DEBUG_INFORMATION_FORMAT = dwarf;
				ENABLE_STRICT_OBJC_MSGSEND = YES;
				ENABLE_TESTABILITY = YES;
				ENABLE_USER_SCRIPT_SANDBOXING = YES;
				GCC_C_LANGUAGE_STANDARD = gnu17;
				GCC_DYNAMIC_NO_PIC = NO;
				GCC_NO_COMMON_BLOCKS = YES;
				GCC_OPTIMIZATION_LEVEL = 0;
				GCC_PREPROCESSOR_DEFINITIONS = (
					"DEBUG=1",
					"$(inherited)",
				);
				GCC_WARN_64_TO_32_BIT_CONVERSION = YES;
				GCC_WARN_ABOUT_RETURN_TYPE = YES_ERROR;
				GCC_WARN_UNDECLARED_SELECTOR = YES;
				GCC_WARN_UNINITIALIZED_AUTOS = YES_AGGRESSIVE;
				GCC_WARN_UNUSED_FUNCTION = YES;
				GCC_WARN_UNUSED_VARIABLE = YES;
				IPHONEOS_DEPLOYMENT_TARGET = 17.0;
				LOCALIZATION_PREFERS_STRING_CATALOGS = YES;
				MTL_ENABLE_DEBUG_INFO = INCLUDE_SOURCE;
				MTL_FAST_MATH = YES;
				ONLY_ACTIVE_ARCH = YES;
				SDKROOT = iphoneos;
				SWIFT_ACTIVE_COMPILATION_CONDITIONS = "DEBUG $(inherited)";
				SWIFT_OPTIMIZATION_LEVEL = "-Onone";
			};
			name = Debug;
		};
		CA6000000000000000000002 /* Release */ = {
			isa = XCBuildConfiguration;
			buildSettings = {
				ALWAYS_SEARCH_USER_PATHS = NO;
				ASSETCATALOG_COMPILER_GENERATE_SWIFT_ASSET_SYMBOL_EXTENSIONS = YES;
				CLANG_ANALYZER_NONNULL = YES;
				CLANG_ANALYZER_NUMBER_OBJECT_CONVERSION = YES_AGGRESSIVE;
				CLANG_CXX_LANGUAGE_STANDARD = "gnu++20";
				CLANG_ENABLE_MODULES = YES;
				CLANG_ENABLE_OBJC_ARC = YES;
				CLANG_ENABLE_OBJC_WEAK = YES;
				CLANG_WARN_BLOCK_CAPTURE_AUTORELEASING = YES;
				CLANG_WARN_BOOL_CONVERSION = YES;
				CLANG_WARN_COMMA = YES;
				CLANG_WARN_CONSTANT_CONVERSION = YES;
				CLANG_WARN_DEPRECATED_OBJC_IMPLEMENTATIONS = YES;
				CLANG_WARN_DIRECT_OBJC_ISA_USAGE = YES_ERROR;
				CLANG_WARN_DOCUMENTATION_COMMENTS = YES;
				CLANG_WARN_EMPTY_BODY = YES;
				CLANG_WARN_ENUM_CONVERSION = YES;
				CLANG_WARN_INFINITE_RECURSION = YES;
				CLANG_WARN_INT_CONVERSION = YES;
				CLANG_WARN_NON_LITERAL_NULL_CONVERSION = YES;
				CLANG_WARN_OBJC_IMPLICIT_RETAIN_SELF = YES;
				CLANG_WARN_OBJC_LITERAL_CONVERSION = YES;
				CLANG_WARN_OBJC_ROOT_CLASS = YES_ERROR;
				CLANG_WARN_QUOTED_INCLUDE_IN_FRAMEWORK_HEADER = YES;
				CLANG_WARN_RANGE_LOOP_ANALYSIS = YES;
				CLANG_WARN_STRICT_PROTOTYPES = YES;
				CLANG_WARN_SUSPICIOUS_MOVE = YES;
				CLANG_WARN_UNGUARDED_AVAILABILITY = YES_AGGRESSIVE;
				CLANG_WARN_UNREACHABLE_CODE = YES;
				CLANG_WARN__DUPLICATE_METHOD_MATCH = YES;
				COPY_PHASE_STRIP = NO;
				DEBUG_INFORMATION_FORMAT = "dwarf-with-dsym";
				ENABLE_NS_ASSERTIONS = NO;
				ENABLE_STRICT_OBJC_MSGSEND = YES;
				ENABLE_USER_SCRIPT_SANDBOXING = YES;
				GCC_C_LANGUAGE_STANDARD = gnu17;
				GCC_NO_COMMON_BLOCKS = YES;
				GCC_WARN_64_TO_32_BIT_CONVERSION = YES;
				GCC_WARN_ABOUT_RETURN_TYPE = YES_ERROR;
				GCC_WARN_UNDECLARED_SELECTOR = YES;
				GCC_WARN_UNINITIALIZED_AUTOS = YES_AGGRESSIVE;
				GCC_WARN_UNUSED_FUNCTION = YES;
				GCC_WARN_UNUSED_VARIABLE = YES;
				IPHONEOS_DEPLOYMENT_TARGET = 17.0;
				LOCALIZATION_PREFERS_STRING_CATALOGS = YES;
				MTL_ENABLE_DEBUG_INFO = NO;
				MTL_FAST_MATH = YES;
				SDKROOT = iphoneos;
				SWIFT_COMPILATION_MODE = wholemodule;
				VALIDATE_PRODUCT = YES;
			};
			name = Release;
		};
		CA6000000000000000000003 /* Debug */ = {
			isa = XCBuildConfiguration;
			buildSettings = {
				ASSETCATALOG_COMPILER_APPICON_NAME = AppIcon;
				ASSETCATALOG_COMPILER_GLOBAL_ACCENT_COLOR_NAME = AccentColor;
				CODE_SIGN_ENTITLEMENTS = Chintan/Chintan.entitlements;
				CODE_SIGN_STYLE = Automatic;
				CURRENT_PROJECT_VERSION = 1;
				DEVELOPMENT_ASSET_PATHS = "";
				DEVELOPMENT_TEAM = 7FWNAT83XU;
				ENABLE_PREVIEWS = YES;
				GENERATE_INFOPLIST_FILE = NO;
				INFOPLIST_FILE = Chintan/Info.plist;
				LD_RUNPATH_SEARCH_PATHS = (
					"$(inherited)",
					"@executable_path/Frameworks",
				);
				MARKETING_VERSION = 1.0;
				PRODUCT_BUNDLE_IDENTIFIER = Prabhchintan.Chintan;
				PRODUCT_NAME = "$(TARGET_NAME)";
				SWIFT_EMIT_LOC_STRINGS = YES;
				SWIFT_VERSION = 5.0;
				TARGETED_DEVICE_FAMILY = 1;
			};
			name = Debug;
		};
		CA6000000000000000000004 /* Release */ = {
			isa = XCBuildConfiguration;
			buildSettings = {
				ASSETCATALOG_COMPILER_APPICON_NAME = AppIcon;
				ASSETCATALOG_COMPILER_GLOBAL_ACCENT_COLOR_NAME = AccentColor;
				CODE_SIGN_ENTITLEMENTS = Chintan/Chintan.entitlements;
				CODE_SIGN_STYLE = Automatic;
				CURRENT_PROJECT_VERSION = 1;
				DEVELOPMENT_ASSET_PATHS = "";
				DEVELOPMENT_TEAM = 7FWNAT83XU;
				ENABLE_PREVIEWS = YES;
				GENERATE_INFOPLIST_FILE = NO;
				INFOPLIST_FILE = Chintan/Info.plist;
				LD_RUNPATH_SEARCH_PATHS = (
					"$(inherited)",
					"@executable_path/Frameworks",
				);
				MARKETING_VERSION = 1.0;
				PRODUCT_BUNDLE_IDENTIFIER = Prabhchintan.Chintan;
				PRODUCT_NAME = "$(TARGET_NAME)";
				SWIFT_EMIT_LOC_STRINGS = YES;
				SWIFT_VERSION = 5.0;
				TARGETED_DEVICE_FAMILY = 1;
			};
			name = Release;
		};
		CA6000000000000000000005 /* Debug */ = {
			isa = XCBuildConfiguration;
			buildSettings = {
				CODE_SIGN_STYLE = Automatic;
				CURRENT_PROJECT_VERSION = 1;
				DEVELOPMENT_TEAM = 7FWNAT83XU;
				GENERATE_INFOPLIST_FILE = YES;
				MARKETING_VERSION = 1.0;
				PRODUCT_BUNDLE_IDENTIFIER = Prabhchintan.ChintanWalk;
				PRODUCT_NAME = "$(TARGET_NAME)";
				SWIFT_EMIT_LOC_STRINGS = NO;
				SWIFT_VERSION = 5.0;
				TARGETED_DEVICE_FAMILY = 1;
				TEST_TARGET_NAME = Chintan;
			};
			name = Debug;
		};
		CA6000000000000000000006 /* Release */ = {
			isa = XCBuildConfiguration;
			buildSettings = {
				CODE_SIGN_STYLE = Automatic;
				CURRENT_PROJECT_VERSION = 1;
				DEVELOPMENT_TEAM = 7FWNAT83XU;
				GENERATE_INFOPLIST_FILE = YES;
				MARKETING_VERSION = 1.0;
				PRODUCT_BUNDLE_IDENTIFIER = Prabhchintan.ChintanWalk;
				PRODUCT_NAME = "$(TARGET_NAME)";
				SWIFT_EMIT_LOC_STRINGS = NO;
				SWIFT_VERSION = 5.0;
				TARGETED_DEVICE_FAMILY = 1;
				TEST_TARGET_NAME = Chintan;
			};
			name = Release;
		};
/* End XCBuildConfiguration section */

/* Begin XCConfigurationList section */
		CA7000000000000000000001 /* Build configuration list for PBXProject "Chintan" */ = {
			isa = XCConfigurationList;
			buildConfigurations = (
				CA6000000000000000000001 /* Debug */,
				CA6000000000000000000002 /* Release */,
			);
			defaultConfigurationIsVisible = 0;
			defaultConfigurationName = Release;
		};
		CA7000000000000000000002 /* Build configuration list for PBXNativeTarget "Chintan" */ = {
			isa = XCConfigurationList;
			buildConfigurations = (
				CA6000000000000000000003 /* Debug */,
				CA6000000000000000000004 /* Release */,
			);
			defaultConfigurationIsVisible = 0;
			defaultConfigurationName = Release;
		};
		CA7000000000000000000003 /* Build configuration list for PBXNativeTarget "ChintanWalk" */ = {
			isa = XCConfigurationList;
			buildConfigurations = (
				CA6000000000000000000005 /* Debug */,
				CA6000000000000000000006 /* Release */,
			);
			defaultConfigurationIsVisible = 0;
			defaultConfigurationName = Release;
		};
/* End XCConfigurationList section */
	};
	rootObject = CA4000000000000000000001 /* Project object */;
}
