// !$*UTF8*$!
{
	archiveVersion = 1;
	classes = {
	};
	objectVersion = 56;
	objects = {

/* Begin PBXBuildFile section */
		AA0000012E00000100000001 /* Maproom.swift in Sources */ = {isa = PBXBuildFile; fileRef = AA0000022E00000100000002 /* Maproom.swift */; };
/* End PBXBuildFile section */

/* Begin PBXFileReference section */
		AA0000022E00000100000002 /* Maproom.swift */ = {isa = PBXFileReference; lastKnownFileType = sourcecode.swift; path = Maproom.swift; sourceTree = "<group>"; };
		AA0000032E00000100000003 /* Maproom.entitlements */ = {isa = PBXFileReference; lastKnownFileType = text.plist.entitlements; path = Maproom.entitlements; sourceTree = "<group>"; };
		AA0000042E00000100000004 /* Maproom.app */ = {isa = PBXFileReference; explicitFileType = wrapper.application; includeInIndex = 0; path = Maproom.app; sourceTree = BUILT_PRODUCTS_DIR; };
/* End PBXFileReference section */

/* Begin PBXGroup section */
		AA0000052E00000100000005 = {
			isa = PBXGroup;
			children = (
				AA0000022E00000100000002 /* Maproom.swift */,
				AA0000032E00000100000003 /* Maproom.entitlements */,
				AA0000062E00000100000006 /* Products */,
			);
			sourceTree = "<group>";
		};
		AA0000062E00000100000006 /* Products */ = {
			isa = PBXGroup;
			children = (
				AA0000042E00000100000004 /* Maproom.app */,
			);
			name = Products;
			sourceTree = "<group>";
		};
/* End PBXGroup section */

/* Begin PBXNativeTarget section */
		AA0000072E00000100000007 /* Maproom */ = {
			isa = PBXNativeTarget;
			buildConfigurationList = AA0000082E00000100000008 /* Build configuration list for PBXNativeTarget "Maproom" */;
			buildPhases = (
				AA0000092E00000100000009 /* Sources */,
			);
			buildRules = (
			);
			dependencies = (
			);
			name = Maproom;
			productName = Maproom;
			productReference = AA0000042E00000100000004 /* Maproom.app */;
			productType = "com.apple.product-type.application";
		};
/* End PBXNativeTarget section */

/* Begin PBXProject section */
		AA00000A2E0000010000000A /* Project object */ = {
			isa = PBXProject;
			attributes = {
				BuildIndependentTargetsInParallel = 1;
				LastSwiftUpdateCheck = 1600;
				LastUpgradeCheck = 1600;
				TargetAttributes = {
					AA0000072E00000100000007 = {
						CreatedOnToolsVersion = 16.0;
					};
				};
			};
			buildConfigurationList = AA00000B2E0000010000000B /* Build configuration list for PBXProject "Maproom" */;
			compatibilityVersion = "Xcode 14.0";
			developmentRegion = en;
			hasScannedForEncodings = 0;
			knownRegions = (
				en,
				Base,
			);
			mainGroup = AA0000052E00000100000005;
			productRefGroup = AA0000062E00000100000006 /* Products */;
			projectDirPath = "";
			projectRoot = "";
			targets = (
				AA0000072E00000100000007 /* Maproom */,
			);
		};
/* End PBXProject section */

/* Begin PBXSourcesBuildPhase section */
		AA0000092E00000100000009 /* Sources */ = {
			isa = PBXSourcesBuildPhase;
			buildActionMask = 2147483647;
			files = (
				AA0000012E00000100000001 /* Maproom.swift in Sources */,
			);
			runOnlyForDeploymentPostprocessing = 0;
		};
/* End PBXSourcesBuildPhase section */

/* Begin XCBuildConfiguration section */
		AA00000C2E0000010000000C /* Debug */ = {
			isa = XCBuildConfiguration;
			buildSettings = {
				MACOSX_DEPLOYMENT_TARGET = 14.0;
				SDKROOT = macosx;
				SWIFT_OPTIMIZATION_LEVEL = "-Onone";
				SWIFT_VERSION = 5.0;
			};
			name = Debug;
		};
		AA00000D2E0000010000000D /* Release */ = {
			isa = XCBuildConfiguration;
			buildSettings = {
				MACOSX_DEPLOYMENT_TARGET = 14.0;
				SDKROOT = macosx;
				SWIFT_COMPILATION_MODE = wholemodule;
				SWIFT_VERSION = 5.0;
			};
			name = Release;
		};
		AA00000E2E0000010000000E /* Debug */ = {
			isa = XCBuildConfiguration;
			buildSettings = {
				CODE_SIGN_ENTITLEMENTS = Maproom.entitlements;
				CODE_SIGN_STYLE = Automatic;
				DEVELOPMENT_TEAM = 7FWNAT83XU;
				GENERATE_INFOPLIST_FILE = YES;
				INFOPLIST_KEY_LSUIElement = YES;
				PRODUCT_BUNDLE_IDENTIFIER = Prabhchintan.Maproom;
				PRODUCT_NAME = "$(TARGET_NAME)";
			};
			name = Debug;
		};
		AA00000F2E0000010000000F /* Release */ = {
			isa = XCBuildConfiguration;
			buildSettings = {
				CODE_SIGN_ENTITLEMENTS = Maproom.entitlements;
				CODE_SIGN_STYLE = Automatic;
				DEVELOPMENT_TEAM = 7FWNAT83XU;
				GENERATE_INFOPLIST_FILE = YES;
				INFOPLIST_KEY_LSUIElement = YES;
				PRODUCT_BUNDLE_IDENTIFIER = Prabhchintan.Maproom;
				PRODUCT_NAME = "$(TARGET_NAME)";
			};
			name = Release;
		};
/* End XCBuildConfiguration section */

/* Begin XCConfigurationList section */
		AA0000082E00000100000008 /* Build configuration list for PBXNativeTarget "Maproom" */ = {
			isa = XCConfigurationList;
			buildConfigurations = (
				AA00000E2E0000010000000E /* Debug */,
				AA00000F2E0000010000000F /* Release */,
			);
			defaultConfigurationIsVisible = 0;
			defaultConfigurationName = Release;
		};
		AA00000B2E0000010000000B /* Build configuration list for PBXProject "Maproom" */ = {
			isa = XCConfigurationList;
			buildConfigurations = (
				AA00000C2E0000010000000C /* Debug */,
				AA00000D2E0000010000000D /* Release */,
			);
			defaultConfigurationIsVisible = 0;
			defaultConfigurationName = Release;
		};
/* End XCConfigurationList section */
	};
	rootObject = AA00000A2E0000010000000A /* Project object */;
}
